
Microsoft Visual Studio Solution File, Format Version 12.00
# Visual Studio 15
VisualStudioVersion = 15.0.28010.2036
MinimumVisualStudioVersion = 10.0.40219.1
Project("{8BC9CEB8-8B4A-11D0-8D11-00A0C91BC942}") = "Assignment1aHelloWorld", "Assignment1aHelloWorld\Assignment1aHelloWorld.vcxproj", "{D8876077-77D6-4ED3-93FA-4888A92066FA}"
EndProject
Global
	GlobalSection(SolutionConfigurationPlatforms) = preSolution
		Debug|x64 = Debug|x64
		Debug|x86 = Debug|x86
		Release|x64 = Release|x64
		Release|x86 = Release|x86
	EndGlobalSection
	GlobalSection(ProjectConfigurationPlatforms) = postSolution
		{D8876077-77D6-4ED3-93FA-4888A92066FA}.Debug|x64.ActiveCfg = Debug|x64
		{D8876077-77D6-4ED3-93FA-4888A92066FA}.Debug|x64.Build.0 = Debug|x64
		{D8876077-77D6-4ED3-93FA-4888A92066FA}.Debug|x86.ActiveCfg = Debug|Win32
		{D8876077-77D6-4ED3-93FA-4888A92066FA}.Debug|x86.Build.0 = Debug|Win32
		{D8876077-77D6-4ED3-93FA-4888A92066FA}.Release|x64.ActiveCfg = Release|x64
		{D8876077-77D6-4ED3-93FA-4888A92066FA}.Release|x64.Build.0 = Release|x64
		{D8876077-77D6-4ED3-93FA-4888A92066FA}.Release|x86.ActiveCfg = Release|Win32
		{D8876077-77D6-4ED3-93FA-4888A92066FA}.Release|x86.Build.0 = Release|Win32
	EndGlobalSection
	GlobalSection(SolutionProperties) = preSolution
		HideSolutionNode = FALSE
	EndGlobalSection
	GlobalSection(ExtensibilityGlobals) = postSolution
		SolutionGuid = {55C68CEB-E17B-4834-B2CD-CF2AC8521A8D}
	EndGlobalSection
EndGlobal
